// !$*UTF8*$!
{
	archiveVersion = 1;
	classes = {
	};
	objectVersion = 56;
	objects = {

/* Begin PBXBuildFile section */
		5F0BE8142A86508D0090AC1F /* UserInfoTableHeader.swift in Sources */ = {isa = PBXBuildFile; fileRef = 5F0BE8132A86508D0090AC1F /* UserInfoTableHeader.swift */; };
		5F0BE8182A8664D40090AC1F /* SetupTableViewCell.swift in Sources */ = {isa = PBXBuildFile; fileRef = 5F0BE8172A8664D40090AC1F /* SetupTableViewCell.swift */; };
		5F0BE81A2A86ABD90090AC1F /* collectionSegementView.swift in Sources */ = {isa = PBXBuildFile; fileRef = 5F0BE8192A86ABD90090AC1F /* collectionSegementView.swift */; };
		5F15D1AF2A812768005A00E1 /* AppDelegate.swift in Sources */ = {isa = PBXBuildFile; fileRef = 5F15D1AE2A812768005A00E1 /* AppDelegate.swift */; };
		5F15D1B12A812768005A00E1 /* SceneDelegate.swift in Sources */ = {isa = PBXBuildFile; fileRef = 5F15D1B02A812768005A00E1 /* SceneDelegate.swift */; };
		5F15D1B92A812768005A00E1 /* ConstellationOfMemories.xcdatamodeld in Sources */ = {isa = PBXBuildFile; fileRef = 5F15D1B72A812768005A00E1 /* ConstellationOfMemories.xcdatamodeld */; };
		5F15D1BB2A812769005A00E1 /* Assets.xcassets in Resources */ = {isa = PBXBuildFile; fileRef = 5F15D1BA2A812769005A00E1 /* Assets.xcassets */; };
		5F15D1BE2A812769005A00E1 /* LaunchScreen.storyboard in Resources */ = {isa = PBXBuildFile; fileRef = 5F15D1BC2A812769005A00E1 /* LaunchScreen.storyboard */; };
		5F15D1CA2A81330D005A00E1 /* MainVC.swift in Sources */ = {isa = PBXBuildFile; fileRef = 5F15D1C92A81330D005A00E1 /* MainVC.swift */; };
		5F15D1CC2A8136B3005A00E1 /* Extension.swift in Sources */ = {isa = PBXBuildFile; fileRef = 5F15D1CB2A8136B3005A00E1 /* Extension.swift */; };
		5F15D1CE2A813746005A00E1 /* Enum.swift in Sources */ = {isa = PBXBuildFile; fileRef = 5F15D1CD2A813746005A00E1 /* Enum.swift */; };
		5F15D1D02A813905005A00E1 /* StringConstants.swift in Sources */ = {isa = PBXBuildFile; fileRef = 5F15D1CF2A813905005A00E1 /* StringConstants.swift */; };
		5F15D1D22A81390F005A00E1 /* DBString.swift in Sources */ = {isa = PBXBuildFile; fileRef = 5F15D1D12A81390F005A00E1 /* DBString.swift */; };
		5F15D1D42A813917005A00E1 /* Protocols.swift in Sources */ = {isa = PBXBuildFile; fileRef = 5F15D1D32A813917005A00E1 /* Protocols.swift */; };
		5F15D1D82A815855005A00E1 /* MenuVC.swift in Sources */ = {isa = PBXBuildFile; fileRef = 5F15D1D72A815855005A00E1 /* MenuVC.swift */; };
		5F15D1DF2A815C0E005A00E1 /* DiaryVC.swift in Sources */ = {isa = PBXBuildFile; fileRef = 5F15D1DE2A815C0E005A00E1 /* DiaryVC.swift */; };
		5F15D1E12A815C75005A00E1 /* DiaryTableViewCell.swift in Sources */ = {isa = PBXBuildFile; fileRef = 5F15D1E02A815C75005A00E1 /* DiaryTableViewCell.swift */; };
		5F15D1E32A817765005A00E1 /* HeaderView.swift in Sources */ = {isa = PBXBuildFile; fileRef = 5F15D1E22A817765005A00E1 /* HeaderView.swift */; };
		5F3161C32A8D1F4A00803470 /* AdditionCell.swift in Sources */ = {isa = PBXBuildFile; fileRef = 5F3161C22A8D1F4A00803470 /* AdditionCell.swift */; };
		5F8200BC2A8D3FEF0068345B /* FirstCollectionCell.swift in Sources */ = {isa = PBXBuildFile; fileRef = 5F8200BB2A8D3FEF0068345B /* FirstCollectionCell.swift */; };
		5F8200BE2A8D5B380068345B /* SecondCollectionView.swift in Sources */ = {isa = PBXBuildFile; fileRef = 5F8200BD2A8D5B380068345B /* SecondCollectionView.swift */; };
		5F8200C02A8D5CBB0068345B /* FirstCollectionView.swift in Sources */ = {isa = PBXBuildFile; fileRef = 5F8200BF2A8D5CBB0068345B /* FirstCollectionView.swift */; };
		5F82C9252A852CDC00AAB0FA /* ShopCollectionViewCell.swift in Sources */ = {isa = PBXBuildFile; fileRef = 5F82C9242A852CDC00AAB0FA /* ShopCollectionViewCell.swift */; };
		5F917AC72A8B930E00F8FC53 /* FontChangeCell.swift in Sources */ = {isa = PBXBuildFile; fileRef = 5F917AC62A8B930E00F8FC53 /* FontChangeCell.swift */; };
		5FBF97DE2A8906860097FD1B /* CoreDataManager.swift in Sources */ = {isa = PBXBuildFile; fileRef = 5FBF97DD2A8906860097FD1B /* CoreDataManager.swift */; };
		5FBF97E12A890CB40097FD1B /* DiaryData+CoreDataClass.swift in Sources */ = {isa = PBXBuildFile; fileRef = 5FBF97DF2A890CB40097FD1B /* DiaryData+CoreDataClass.swift */; };
		5FBF97E22A890CB40097FD1B /* DiaryData+CoreDataProperties.swift in Sources */ = {isa = PBXBuildFile; fileRef = 5FBF97E02A890CB40097FD1B /* DiaryData+CoreDataProperties.swift */; };
		5FE61C062A8D6755008446A9 /* FontChangeHeader.swift in Sources */ = {isa = PBXBuildFile; fileRef = 5FE61C052A8D6755008446A9 /* FontChangeHeader.swift */; };
/* End PBXBuildFile section */

/* Begin PBXFileReference section */
		5F0BE8132A86508D0090AC1F /* UserInfoTableHeader.swift */ = {isa = PBXFileReference; lastKnownFileType = sourcecode.swift; path = UserInfoTableHeader.swift; sourceTree = "<group>"; };
		5F0BE8172A8664D40090AC1F /* SetupTableViewCell.swift */ = {isa = PBXFileReference; lastKnownFileType = sourcecode.swift; path = SetupTableViewCell.swift; sourceTree = "<group>"; };
		5F0BE8192A86ABD90090AC1F /* collectionSegementView.swift */ = {isa = PBXFileReference; lastKnownFileType = sourcecode.swift; path = collectionSegementView.swift; sourceTree = "<group>"; };
		5F15D1AB2A812768005A00E1 /* ConstellationOfMemories.app */ = {isa = PBXFileReference; explicitFileType = wrapper.application; includeInIndex = 0; path = ConstellationOfMemories.app; sourceTree = BUILT_PRODUCTS_DIR; };
		5F15D1AE2A812768005A00E1 /* AppDelegate.swift */ = {isa = PBXFileReference; lastKnownFileType = sourcecode.swift; path = AppDelegate.swift; sourceTree = "<group>"; };
		5F15D1B02A812768005A00E1 /* SceneDelegate.swift */ = {isa = PBXFileReference; lastKnownFileType = sourcecode.swift; path = SceneDelegate.swift; sourceTree = "<group>"; };
		5F15D1B82A812768005A00E1 /* ConstellationOfMemories.xcdatamodel */ = {isa = PBXFileReference; lastKnownFileType = wrapper.xcdatamodel; path = ConstellationOfMemories.xcdatamodel; sourceTree = "<group>"; };
		5F15D1BA2A812769005A00E1 /* Assets.xcassets */ = {isa = PBXFileReference; lastKnownFileType = folder.assetcatalog; path = Assets.xcassets; sourceTree = "<group>"; };
		5F15D1BD2A812769005A00E1 /* Base */ = {isa = PBXFileReference; lastKnownFileType = file.storyboard; name = Base; path = Base.lproj/LaunchScreen.storyboard; sourceTree = "<group>"; };
		5F15D1BF2A812769005A00E1 /* Info.plist */ = {isa = PBXFileReference; lastKnownFileType = text.plist.xml; path = Info.plist; sourceTree = "<group>"; };
		5F15D1C92A81330D005A00E1 /* MainVC.swift */ = {isa = PBXFileReference; lastKnownFileType = sourcecode.swift; path = MainVC.swift; sourceTree = "<group>"; };
		5F15D1CB2A8136B3005A00E1 /* Extension.swift */ = {isa = PBXFileReference; lastKnownFileType = sourcecode.swift; path = Extension.swift; sourceTree = "<group>"; };
		5F15D1CD2A813746005A00E1 /* Enum.swift */ = {isa = PBXFileReference; lastKnownFileType = sourcecode.swift; path = Enum.swift; sourceTree = "<group>"; };
		5F15D1CF2A813905005A00E1 /* StringConstants.swift */ = {isa = PBXFileReference; lastKnownFileType = sourcecode.swift; path = StringConstants.swift; sourceTree = "<group>"; };
		5F15D1D12A81390F005A00E1 /* DBString.swift */ = {isa = PBXFileReference; lastKnownFileType = sourcecode.swift; path = DBString.swift; sourceTree = "<group>"; };
		5F15D1D32A813917005A00E1 /* Protocols.swift */ = {isa = PBXFileReference; lastKnownFileType = sourcecode.swift; path = Protocols.swift; sourceTree = "<group>"; };
		5F15D1D72A815855005A00E1 /* MenuVC.swift */ = {isa = PBXFileReference; lastKnownFileType = sourcecode.swift; path = MenuVC.swift; sourceTree = "<group>"; };
		5F15D1DE2A815C0E005A00E1 /* DiaryVC.swift */ = {isa = PBXFileReference; lastKnownFileType = sourcecode.swift; path = DiaryVC.swift; sourceTree = "<group>"; };
		5F15D1E02A815C75005A00E1 /* DiaryTableViewCell.swift */ = {isa = PBXFileReference; lastKnownFileType = sourcecode.swift; path = DiaryTableViewCell.swift; sourceTree = "<group>"; };
		5F15D1E22A817765005A00E1 /* HeaderView.swift */ = {isa = PBXFileReference; lastKnownFileType = sourcecode.swift; path = HeaderView.swift; sourceTree = "<group>"; };
		5F3161C22A8D1F4A00803470 /* AdditionCell.swift */ = {isa = PBXFileReference; lastKnownFileType = sourcecode.swift; path = AdditionCell.swift; sourceTree = "<group>"; };
		5F8200BB2A8D3FEF0068345B /* FirstCollectionCell.swift */ = {isa = PBXFileReference; lastKnownFileType = sourcecode.swift; path = FirstCollectionCell.swift; sourceTree = "<group>"; };
		5F8200BD2A8D5B380068345B /* SecondCollectionView.swift */ = {isa = PBXFileReference; lastKnownFileType = sourcecode.swift; path = SecondCollectionView.swift; sourceTree = "<group>"; };
		5F8200BF2A8D5CBB0068345B /* FirstCollectionView.swift */ = {isa = PBXFileReference; lastKnownFileType = sourcecode.swift; path = FirstCollectionView.swift; sourceTree = "<group>"; };
		5F82C9242A852CDC00AAB0FA /* ShopCollectionViewCell.swift */ = {isa = PBXFileReference; lastKnownFileType = sourcecode.swift; path = ShopCollectionViewCell.swift; sourceTree = "<group>"; };
		5F917AC62A8B930E00F8FC53 /* FontChangeCell.swift */ = {isa = PBXFileReference; lastKnownFileType = sourcecode.swift; path = FontChangeCell.swift; sourceTree = "<group>"; };
		5FBF97DD2A8906860097FD1B /* CoreDataManager.swift */ = {isa = PBXFileReference; lastKnownFileType = sourcecode.swift; path = CoreDataManager.swift; sourceTree = "<group>"; };
		5FBF97DF2A890CB40097FD1B /* DiaryData+CoreDataClass.swift */ = {isa = PBXFileReference; lastKnownFileType = sourcecode.swift; path = "DiaryData+CoreDataClass.swift"; sourceTree = "<group>"; };
		5FBF97E02A890CB40097FD1B /* DiaryData+CoreDataProperties.swift */ = {isa = PBXFileReference; lastKnownFileType = sourcecode.swift; path = "DiaryData+CoreDataProperties.swift"; sourceTree = "<group>"; };
		5FE61C052A8D6755008446A9 /* FontChangeHeader.swift */ = {isa = PBXFileReference; lastKnownFileType = sourcecode.swift; path = FontChangeHeader.swift; sourceTree = "<group>"; };
/* End PBXFileReference section */

/* Begin PBXFrameworksBuildPhase section */
		5F15D1A82A812768005A00E1 /* Frameworks */ = {
			isa = PBXFrameworksBuildPhase;
			buildActionMask = 2147483647;
			files = (
			);
			runOnlyForDeploymentPostprocessing = 0;
		};
/* End PBXFrameworksBuildPhase section */

/* Begin PBXGroup section */
		5F0BE8152A8664AF0090AC1F /* UIView */ = {
			isa = PBXGroup;
			children = (
				5F15D1E22A817765005A00E1 /* HeaderView.swift */,
				5F0BE8192A86ABD90090AC1F /* collectionSegementView.swift */,
				5F0BE8132A86508D0090AC1F /* UserInfoTableHeader.swift */,
				5FE61C052A8D6755008446A9 /* FontChangeHeader.swift */,
			);
			path = UIView;
			sourceTree = "<group>";
		};
		5F0BE8162A8664B80090AC1F /* TableView */ = {
			isa = PBXGroup;
			children = (
				5F15D1E02A815C75005A00E1 /* DiaryTableViewCell.swift */,
				5F0BE8172A8664D40090AC1F /* SetupTableViewCell.swift */,
				5F917AC62A8B930E00F8FC53 /* FontChangeCell.swift */,
				5F3161C22A8D1F4A00803470 /* AdditionCell.swift */,
			);
			path = TableView;
			sourceTree = "<group>";
		};
		5F15D1A22A812768005A00E1 = {
			isa = PBXGroup;
			children = (
				5F15D1AD2A812768005A00E1 /* ConstellationOfMemories */,
				5F15D1AC2A812768005A00E1 /* Products */,
			);
			sourceTree = "<group>";
		};
		5F15D1AC2A812768005A00E1 /* Products */ = {
			isa = PBXGroup;
			children = (
				5F15D1AB2A812768005A00E1 /* ConstellationOfMemories.app */,
			);
			name = Products;
			sourceTree = "<group>";
		};
		5F15D1AD2A812768005A00E1 /* ConstellationOfMemories */ = {
			isa = PBXGroup;
			children = (
				5F15D1AE2A812768005A00E1 /* AppDelegate.swift */,
				5F15D1B02A812768005A00E1 /* SceneDelegate.swift */,
				5F15D1C82A812796005A00E1 /* Utils */,
				5F15D1C72A812790005A00E1 /* Models */,
				5F15D1C62A812789005A00E1 /* Controllers */,
				5F15D1C52A812783005A00E1 /* Views */,
				5F15D1BA2A812769005A00E1 /* Assets.xcassets */,
				5F15D1BC2A812769005A00E1 /* LaunchScreen.storyboard */,
				5F15D1BF2A812769005A00E1 /* Info.plist */,
				5F15D1B72A812768005A00E1 /* ConstellationOfMemories.xcdatamodeld */,
			);
			path = ConstellationOfMemories;
			sourceTree = "<group>";
		};
		5F15D1C52A812783005A00E1 /* Views */ = {
			isa = PBXGroup;
			children = (
				5F0BE8152A8664AF0090AC1F /* UIView */,
				5F0BE8162A8664B80090AC1F /* TableView */,
				5F917AC52A8B8E2E00F8FC53 /* CollectionView */,
			);
			path = Views;
			sourceTree = "<group>";
		};
		5F15D1C62A812789005A00E1 /* Controllers */ = {
			isa = PBXGroup;
			children = (
				5F15D1DA2A815B77005A00E1 /* Main */,
			);
			path = Controllers;
			sourceTree = "<group>";
		};
		5F15D1C72A812790005A00E1 /* Models */ = {
			isa = PBXGroup;
			children = (
				5FBF97DF2A890CB40097FD1B /* DiaryData+CoreDataClass.swift */,
				5FBF97E02A890CB40097FD1B /* DiaryData+CoreDataProperties.swift */,
				5FBF97DD2A8906860097FD1B /* CoreDataManager.swift */,
			);
			path = Models;
			sourceTree = "<group>";
		};
		5F15D1C82A812796005A00E1 /* Utils */ = {
			isa = PBXGroup;
			children = (
				5F15D1CB2A8136B3005A00E1 /* Extension.swift */,
				5F15D1CD2A813746005A00E1 /* Enum.swift */,
				5F15D1CF2A813905005A00E1 /* StringConstants.swift */,
				5F15D1D12A81390F005A00E1 /* DBString.swift */,
				5F15D1D32A813917005A00E1 /* Protocols.swift */,
			);
			path = Utils;
			sourceTree = "<group>";
		};
		5F15D1DA2A815B77005A00E1 /* Main */ = {
			isa = PBXGroup;
			children = (
				5F15D1D72A815855005A00E1 /* MenuVC.swift */,
				5F15D1C92A81330D005A00E1 /* MainVC.swift */,
				5F15D1DE2A815C0E005A00E1 /* DiaryVC.swift */,
			);
			path = Main;
			sourceTree = "<group>";
		};
		5F917AC52A8B8E2E00F8FC53 /* CollectionView */ = {
			isa = PBXGroup;
			children = (
				5F82C9242A852CDC00AAB0FA /* ShopCollectionViewCell.swift */,
				5F8200BB2A8D3FEF0068345B /* FirstCollectionCell.swift */,
				5F8200BD2A8D5B380068345B /* SecondCollectionView.swift */,
				5F8200BF2A8D5CBB0068345B /* FirstCollectionView.swift */,
			);
			path = CollectionView;
			sourceTree = "<group>";
		};
/* End PBXGroup section */

/* Begin PBXNativeTarget section */
		5F15D1AA2A812768005A00E1 /* ConstellationOfMemories */ = {
			isa = PBXNativeTarget;
			buildConfigurationList = 5F15D1C22A812769005A00E1 /* Build configuration list for PBXNativeTarget "ConstellationOfMemories" */;
			buildPhases = (
				5F15D1A72A812768005A00E1 /* Sources */,
				5F15D1A82A812768005A00E1 /* Frameworks */,
				5F15D1A92A812768005A00E1 /* Resources */,
			);
			buildRules = (
			);
			dependencies = (
			);
			name = ConstellationOfMemories;
			productName = ConstellationOfMemories;
			productReference = 5F15D1AB2A812768005A00E1 /* ConstellationOfMemories.app */;
			productType = "com.apple.product-type.application";
		};
/* End PBXNativeTarget section */

/* Begin PBXProject section */
		5F15D1A32A812768005A00E1 /* Project object */ = {
			isa = PBXProject;
			attributes = {
				BuildIndependentTargetsInParallel = 1;
				LastSwiftUpdateCheck = 1430;
				LastUpgradeCheck = 1430;
				TargetAttributes = {
					5F15D1AA2A812768005A00E1 = {
						CreatedOnToolsVersion = 14.3;
					};
				};
			};
			buildConfigurationList = 5F15D1A62A812768005A00E1 /* Build configuration list for PBXProject "ConstellationOfMemories" */;
			compatibilityVersion = "Xcode 14.0";
			developmentRegion = en;
			hasScannedForEncodings = 0;
			knownRegions = (
				en,
				Base,
			);
			mainGroup = 5F15D1A22A812768005A00E1;
			productRefGroup = 5F15D1AC2A812768005A00E1 /* Products */;
			projectDirPath = "";
			projectRoot = "";
			targets = (
				5F15D1AA2A812768005A00E1 /* ConstellationOfMemories */,
			);
		};
/* End PBXProject section */

/* Begin PBXResourcesBuildPhase section */
		5F15D1A92A812768005A00E1 /* Resources */ = {
			isa = PBXResourcesBuildPhase;
			buildActionMask = 2147483647;
			files = (
				5F15D1BE2A812769005A00E1 /* LaunchScreen.storyboard in Resources */,
				5F15D1BB2A812769005A00E1 /* Assets.xcassets in Resources */,
			);
			runOnlyForDeploymentPostprocessing = 0;
		};
/* End PBXResourcesBuildPhase section */

/* Begin PBXSourcesBuildPhase section */
		5F15D1A72A812768005A00E1 /* Sources */ = {
			isa = PBXSourcesBuildPhase;
			buildActionMask = 2147483647;
			files = (
				5F917AC72A8B930E00F8FC53 /* FontChangeCell.swift in Sources */,
				5F8200BC2A8D3FEF0068345B /* FirstCollectionCell.swift in Sources */,
				5F15D1B92A812768005A00E1 /* ConstellationOfMemories.xcdatamodeld in Sources */,
				5F15D1AF2A812768005A00E1 /* AppDelegate.swift in Sources */,
				5FE61C062A8D6755008446A9 /* FontChangeHeader.swift in Sources */,
				5F3161C32A8D1F4A00803470 /* AdditionCell.swift in Sources */,
				5F8200BE2A8D5B380068345B /* SecondCollectionView.swift in Sources */,
				5FBF97DE2A8906860097FD1B /* CoreDataManager.swift in Sources */,
				5F0BE8142A86508D0090AC1F /* UserInfoTableHeader.swift in Sources */,
				5F0BE81A2A86ABD90090AC1F /* collectionSegementView.swift in Sources */,
				5F15D1E32A817765005A00E1 /* HeaderView.swift in Sources */,
				5F15D1CC2A8136B3005A00E1 /* Extension.swift in Sources */,
				5FBF97E22A890CB40097FD1B /* DiaryData+CoreDataProperties.swift in Sources */,
				5F15D1DF2A815C0E005A00E1 /* DiaryVC.swift in Sources */,
				5F15D1D22A81390F005A00E1 /* DBString.swift in Sources */,
				5F15D1D82A815855005A00E1 /* MenuVC.swift in Sources */,
				5F15D1D42A813917005A00E1 /* Protocols.swift in Sources */,
				5F8200C02A8D5CBB0068345B /* FirstCollectionView.swift in Sources */,
				5F15D1D02A813905005A00E1 /* StringConstants.swift in Sources */,
				5F0BE8182A8664D40090AC1F /* SetupTableViewCell.swift in Sources */,
				5F82C9252A852CDC00AAB0FA /* ShopCollectionViewCell.swift in Sources */,
				5F15D1CE2A813746005A00E1 /* Enum.swift in Sources */,
				5F15D1CA2A81330D005A00E1 /* MainVC.swift in Sources */,
				5F15D1B12A812768005A00E1 /* SceneDelegate.swift in Sources */,
				5F15D1E12A815C75005A00E1 /* DiaryTableViewCell.swift in Sources */,
				5FBF97E12A890CB40097FD1B /* DiaryData+CoreDataClass.swift in Sources */,
			);
			runOnlyForDeploymentPostprocessing = 0;
		};
/* End PBXSourcesBuildPhase section */

/* Begin PBXVariantGroup section */
		5F15D1BC2A812769005A00E1 /* LaunchScreen.storyboard */ = {
			isa = PBXVariantGroup;
			children = (
				5F15D1BD2A812769005A00E1 /* Base */,
			);
			name = LaunchScreen.storyboard;
			sourceTree = "<group>";
		};
/* End PBXVariantGroup section */

/* Begin XCBuildConfiguration section */
		5F15D1C02A812769005A00E1 /* Debug */ = {
			isa = XCBuildConfiguration;
			buildSettings = {
				ALWAYS_SEARCH_USER_PATHS = NO;
				CLANG_ANALYZER_NONNULL = YES;
				CLANG_ANALYZER_NUMBER_OBJECT_CONVERSION = YES_AGGRESSIVE;
				CLANG_CXX_LANGUAGE_STANDARD = "gnu++20";
				CLANG_ENABLE_MODULES = YES;
				CLANG_ENABLE_OBJC_ARC = YES;
				CLANG_ENABLE_OBJC_WEAK = YES;
				CLANG_WARN_BLOCK_CAPTURE_AUTORELEASING = YES;
				CLANG_WARN_BOOL_CONVERSION = YES;
				CLANG_WARN_COMMA = YES;
				CLANG_WARN_CONSTANT_CONVERSION = YES;
				CLANG_WARN_DEPRECATED_OBJC_IMPLEMENTATIONS = YES;
				CLANG_WARN_DIRECT_OBJC_ISA_USAGE = YES_ERROR;
				CLANG_WARN_DOCUMENTATION_COMMENTS = YES;
				CLANG_WARN_EMPTY_BODY = YES;
				CLANG_WARN_ENUM_CONVERSION = YES;
				CLANG_WARN_INFINITE_RECURSION = YES;
				CLANG_WARN_INT_CONVERSION = YES;
				CLANG_WARN_NON_LITERAL_NULL_CONVERSION = YES;
				CLANG_WARN_OBJC_IMPLICIT_RETAIN_SELF = YES;
				CLANG_WARN_OBJC_LITERAL_CONVERSION = YES;
				CLANG_WARN_OBJC_ROOT_CLASS = YES_ERROR;
				CLANG_WARN_QUOTED_INCLUDE_IN_FRAMEWORK_HEADER = YES;
				CLANG_WARN_RANGE_LOOP_ANALYSIS = YES;
				CLANG_WARN_STRICT_PROTOTYPES = YES;
				CLANG_WARN_SUSPICIOUS_MOVE = YES;
				CLANG_WARN_UNGUARDED_AVAILABILITY = YES_AGGRESSIVE;
				CLANG_WARN_UNREACHABLE_CODE = YES;
				CLANG_WARN__DUPLICATE_METHOD_MATCH = YES;
				COPY_PHASE_STRIP = NO;
				DEBUG_INFORMATION_FORMAT = dwarf;
				ENABLE_STRICT_OBJC_MSGSEND = YES;
				ENABLE_TESTABILITY = YES;
				GCC_C_LANGUAGE_STANDARD = gnu11;
				GCC_DYNAMIC_NO_PIC = NO;
				GCC_NO_COMMON_BLOCKS = YES;
				GCC_OPTIMIZATION_LEVEL = 0;
				GCC_PREPROCESSOR_DEFINITIONS = (
					"DEBUG=1",
					"$(inherited)",
				);
				GCC_WARN_64_TO_32_BIT_CONVERSION = YES;
				GCC_WARN_ABOUT_RETURN_TYPE = YES_ERROR;
				GCC_WARN_UNDECLARED_SELECTOR = YES;
				GCC_WARN_UNINITIALIZED_AUTOS = YES_AGGRESSIVE;
				GCC_WARN_UNUSED_FUNCTION = YES;
				GCC_WARN_UNUSED_VARIABLE = YES;
				IPHONEOS_DEPLOYMENT_TARGET = 16.4;
				MTL_ENABLE_DEBUG_INFO = INCLUDE_SOURCE;
				MTL_FAST_MATH = YES;
				ONLY_ACTIVE_ARCH = YES;
				SDKROOT = iphoneos;
				SWIFT_ACTIVE_COMPILATION_CONDITIONS = DEBUG;
				SWIFT_OPTIMIZATION_LEVEL = "-Onone";
			};
			name = Debug;
		};
		5F15D1C12A812769005A00E1 /* Release */ = {
			isa = XCBuildConfiguration;
			buildSettings = {
				ALWAYS_SEARCH_USER_PATHS = NO;
				CLANG_ANALYZER_NONNULL = YES;
				CLANG_ANALYZER_NUMBER_OBJECT_CONVERSION = YES_AGGRESSIVE;
				CLANG_CXX_LANGUAGE_STANDARD = "gnu++20";
				CLANG_ENABLE_MODULES = YES;
				CLANG_ENABLE_OBJC_ARC = YES;
				CLANG_ENABLE_OBJC_WEAK = YES;
				CLANG_WARN_BLOCK_CAPTURE_AUTORELEASING = YES;
				CLANG_WARN_BOOL_CONVERSION = YES;
				CLANG_WARN_COMMA = YES;
				CLANG_WARN_CONSTANT_CONVERSION = YES;
				CLANG_WARN_DEPRECATED_OBJC_IMPLEMENTATIONS = YES;
				CLANG_WARN_DIRECT_OBJC_ISA_USAGE = YES_ERROR;
				CLANG_WARN_DOCUMENTATION_COMMENTS = YES;
				CLANG_WARN_EMPTY_BODY = YES;
				CLANG_WARN_ENUM_CONVERSION = YES;
				CLANG_WARN_INFINITE_RECURSION = YES;
				CLANG_WARN_INT_CONVERSION = YES;
				CLANG_WARN_NON_LITERAL_NULL_CONVERSION = YES;
				CLANG_WARN_OBJC_IMPLICIT_RETAIN_SELF = YES;
				CLANG_WARN_OBJC_LITERAL_CONVERSION = YES;
				CLANG_WARN_OBJC_ROOT_CLASS = YES_ERROR;
				CLANG_WARN_QUOTED_INCLUDE_IN_FRAMEWORK_HEADER = YES;
				CLANG_WARN_RANGE_LOOP_ANALYSIS = YES;
				CLANG_WARN_STRICT_PROTOTYPES = YES;
				CLANG_WARN_SUSPICIOUS_MOVE = YES;
				CLANG_WARN_UNGUARDED_AVAILABILITY = YES_AGGRESSIVE;
				CLANG_WARN_UNREACHABLE_CODE = YES;
				CLANG_WARN__DUPLICATE_METHOD_MATCH = YES;
				COPY_PHASE_STRIP = NO;
				DEBUG_INFORMATION_FORMAT = "dwarf-with-dsym";
				ENABLE_NS_ASSERTIONS = NO;
				ENABLE_STRICT_OBJC_MSGSEND = YES;
				GCC_C_LANGUAGE_STANDARD = gnu11;
				GCC_NO_COMMON_BLOCKS = YES;
				GCC_WARN_64_TO_32_BIT_CONVERSION = YES;
				GCC_WARN_ABOUT_RETURN_TYPE = YES_ERROR;
				GCC_WARN_UNDECLARED_SELECTOR = YES;
				GCC_WARN_UNINITIALIZED_AUTOS = YES_AGGRESSIVE;
				GCC_WARN_UNUSED_FUNCTION = YES;
				GCC_WARN_UNUSED_VARIABLE = YES;
				IPHONEOS_DEPLOYMENT_TARGET = 16.4;
				MTL_ENABLE_DEBUG_INFO = NO;
				MTL_FAST_MATH = YES;
				SDKROOT = iphoneos;
				SWIFT_COMPILATION_MODE = wholemodule;
				SWIFT_OPTIMIZATION_LEVEL = "-O";
				VALIDATE_PRODUCT = YES;
			};
			name = Release;
		};
		5F15D1C32A812769005A00E1 /* Debug */ = {
			isa = XCBuildConfiguration;
			buildSettings = {
				ASSETCATALOG_COMPILER_APPICON_NAME = AppIcon;
				ASSETCATALOG_COMPILER_GLOBAL_ACCENT_COLOR_NAME = AccentColor;
				CODE_SIGN_STYLE = Automatic;
				CURRENT_PROJECT_VERSION = 1;
				GENERATE_INFOPLIST_FILE = YES;
				INFOPLIST_FILE = ConstellationOfMemories/Info.plist;
				INFOPLIST_KEY_UIApplicationSupportsIndirectInputEvents = YES;
				INFOPLIST_KEY_UILaunchStoryboardName = LaunchScreen;
				INFOPLIST_KEY_UISupportedInterfaceOrientations_iPad = "UIInterfaceOrientationPortrait UIInterfaceOrientationPortraitUpsideDown UIInterfaceOrientationLandscapeLeft UIInterfaceOrientationLandscapeRight";
				INFOPLIST_KEY_UISupportedInterfaceOrientations_iPhone = "UIInterfaceOrientationPortrait UIInterfaceOrientationLandscapeLeft UIInterfaceOrientationLandscapeRight";
				LD_RUNPATH_SEARCH_PATHS = (
					"$(inherited)",
					"@executable_path/Frameworks",
				);
				MARKETING_VERSION = 1.0;
				PRODUCT_BUNDLE_IDENTIFIER = ges.ConstellationOfMemories;
				PRODUCT_NAME = "$(TARGET_NAME)";
				SWIFT_EMIT_LOC_STRINGS = YES;
				SWIFT_VERSION = 5.0;
				TARGETED_DEVICE_FAMILY = "1,2";
			};
			name = Debug;
		};
		5F15D1C42A812769005A00E1 /* Release */ = {
			isa = XCBuildConfiguration;
			buildSettings = {
				ASSETCATALOG_COMPILER_APPICON_NAME = AppIcon;
				ASSETCATALOG_COMPILER_GLOBAL_ACCENT_COLOR_NAME = AccentColor;
				CODE_SIGN_STYLE = Automatic;
				CURRENT_PROJECT_VERSION = 1;
				GENERATE_INFOPLIST_FILE = YES;
				INFOPLIST_FILE = ConstellationOfMemories/Info.plist;
				INFOPLIST_KEY_UIApplicationSupportsIndirectInputEvents = YES;
				INFOPLIST_KEY_UILaunchStoryboardName = LaunchScreen;
				INFOPLIST_KEY_UISupportedInterfaceOrientations_iPad = "UIInterfaceOrientationPortrait UIInterfaceOrientationPortraitUpsideDown UIInterfaceOrientationLandscapeLeft UIInterfaceOrientationLandscapeRight";
				INFOPLIST_KEY_UISupportedInterfaceOrientations_iPhone = "UIInterfaceOrientationPortrait UIInterfaceOrientationLandscapeLeft UIInterfaceOrientationLandscapeRight";
				LD_RUNPATH_SEARCH_PATHS = (
					"$(inherited)",
					"@executable_path/Frameworks",
				);
				MARKETING_VERSION = 1.0;
				PRODUCT_BUNDLE_IDENTIFIER = ges.ConstellationOfMemories;
				PRODUCT_NAME = "$(TARGET_NAME)";
				SWIFT_EMIT_LOC_STRINGS = YES;
				SWIFT_VERSION = 5.0;
				TARGETED_DEVICE_FAMILY = "1,2";
			};
			name = Release;
		};
/* End XCBuildConfiguration section */

/* Begin XCConfigurationList section */
		5F15D1A62A812768005A00E1 /* Build configuration list for PBXProject "ConstellationOfMemories" */ = {
			isa = XCConfigurationList;
			buildConfigurations = (
				5F15D1C02A812769005A00E1 /* Debug */,
				5F15D1C12A812769005A00E1 /* Release */,
			);
			defaultConfigurationIsVisible = 0;
			defaultConfigurationName = Release;
		};
		5F15D1C22A812769005A00E1 /* Build configuration list for PBXNativeTarget "ConstellationOfMemories" */ = {
			isa = XCConfigurationList;
			buildConfigurations = (
				5F15D1C32A812769005A00E1 /* Debug */,
				5F15D1C42A812769005A00E1 /* Release */,
			);
			defaultConfigurationIsVisible = 0;
			defaultConfigurationName = Release;
		};
/* End XCConfigurationList section */

/* Begin XCVersionGroup section */
		5F15D1B72A812768005A00E1 /* ConstellationOfMemories.xcdatamodeld */ = {
			isa = XCVersionGroup;
			children = (
				5F15D1B82A812768005A00E1 /* ConstellationOfMemories.xcdatamodel */,
			);
			currentVersion = 5F15D1B82A812768005A00E1 /* ConstellationOfMemories.xcdatamodel */;
			path = ConstellationOfMemories.xcdatamodeld;
			sourceTree = "<group>";
			versionGroupType = wrapper.xcdatamodel;
		};
/* End XCVersionGroup section */
	};
	rootObject = 5F15D1A32A812768005A00E1 /* Project object */;
}
