// !$*UTF8*$!
{
	archiveVersion = 1;
	classes = {
	};
	objectVersion = 56;
	objects = {

/* Begin PBXBuildFile section */
		5F0BE8182A8664D40090AC1F /* SetupTableViewCell.swift in Sources */ = {isa = PBXBuildFile; fileRef = 5F0BE8172A8664D40090AC1F /* SetupTableViewCell.swift */; };
		5F0CA46C2A9FE89F00177570 /* MyFontColor.swift in Sources */ = {isa = PBXBuildFile; fileRef = 5F0CA46B2A9FE89F00177570 /* MyFontColor.swift */; };
		5F15D1AF2A812768005A00E1 /* AppDelegate.swift in Sources */ = {isa = PBXBuildFile; fileRef = 5F15D1AE2A812768005A00E1 /* AppDelegate.swift */; };
		5F15D1B12A812768005A00E1 /* SceneDelegate.swift in Sources */ = {isa = PBXBuildFile; fileRef = 5F15D1B02A812768005A00E1 /* SceneDelegate.swift */; };
		5F15D1BB2A812769005A00E1 /* Assets.xcassets in Resources */ = {isa = PBXBuildFile; fileRef = 5F15D1BA2A812769005A00E1 /* Assets.xcassets */; };
		5F15D1BE2A812769005A00E1 /* LaunchScreen.storyboard in Resources */ = {isa = PBXBuildFile; fileRef = 5F15D1BC2A812769005A00E1 /* LaunchScreen.storyboard */; };
		5F15D1CA2A81330D005A00E1 /* MainVC.swift in Sources */ = {isa = PBXBuildFile; fileRef = 5F15D1C92A81330D005A00E1 /* MainVC.swift */; };
		5F15D1CC2A8136B3005A00E1 /* Extension.swift in Sources */ = {isa = PBXBuildFile; fileRef = 5F15D1CB2A8136B3005A00E1 /* Extension.swift */; };
		5F15D1CE2A813746005A00E1 /* Enum.swift in Sources */ = {isa = PBXBuildFile; fileRef = 5F15D1CD2A813746005A00E1 /* Enum.swift */; };
		5F15D1D02A813905005A00E1 /* StringConstants.swift in Sources */ = {isa = PBXBuildFile; fileRef = 5F15D1CF2A813905005A00E1 /* StringConstants.swift */; };
		5F15D1D22A81390F005A00E1 /* DBString.swift in Sources */ = {isa = PBXBuildFile; fileRef = 5F15D1D12A81390F005A00E1 /* DBString.swift */; };
		5F15D1D42A813917005A00E1 /* Protocols.swift in Sources */ = {isa = PBXBuildFile; fileRef = 5F15D1D32A813917005A00E1 /* Protocols.swift */; };
		5F15D1DF2A815C0E005A00E1 /* DiaryVC.swift in Sources */ = {isa = PBXBuildFile; fileRef = 5F15D1DE2A815C0E005A00E1 /* DiaryVC.swift */; };
		5F15D1E12A815C75005A00E1 /* DiaryTableViewCell.swift in Sources */ = {isa = PBXBuildFile; fileRef = 5F15D1E02A815C75005A00E1 /* DiaryTableViewCell.swift */; };
		5F15D1E32A817765005A00E1 /* HeaderView.swift in Sources */ = {isa = PBXBuildFile; fileRef = 5F15D1E22A817765005A00E1 /* HeaderView.swift */; };
		5F2E705D2A9D3A3500D0BFE0 /* HomeFirstView.swift in Sources */ = {isa = PBXBuildFile; fileRef = 5F2E705C2A9D3A3500D0BFE0 /* HomeFirstView.swift */; };
		5F2E705F2A9D3B0200D0BFE0 /* HomeFirstCell.swift in Sources */ = {isa = PBXBuildFile; fileRef = 5F2E705E2A9D3B0200D0BFE0 /* HomeFirstCell.swift */; };
		5F2E70612A9D3B6300D0BFE0 /* HomeSecondView.swift in Sources */ = {isa = PBXBuildFile; fileRef = 5F2E70602A9D3B6300D0BFE0 /* HomeSecondView.swift */; };
		5F2E70632A9D3C0300D0BFE0 /* HomeSecondCell.swift in Sources */ = {isa = PBXBuildFile; fileRef = 5F2E70622A9D3C0300D0BFE0 /* HomeSecondCell.swift */; };
		5F396BC12A9E45DD0095D3F8 /* BackgroundImg.swift in Sources */ = {isa = PBXBuildFile; fileRef = 5F396BC02A9E45DC0095D3F8 /* BackgroundImg.swift */; };
		5F6D99EA2A9FA9250072E2FD /* MenuView.swift in Sources */ = {isa = PBXBuildFile; fileRef = 5F6D99E92A9FA9250072E2FD /* MenuView.swift */; };
		5F6D99EC2A9FA99E0072E2FD /* AchieveView.swift in Sources */ = {isa = PBXBuildFile; fileRef = 5F6D99EB2A9FA99E0072E2FD /* AchieveView.swift */; };
		5F6D99EE2A9FA9D60072E2FD /* HomeView.swift in Sources */ = {isa = PBXBuildFile; fileRef = 5F6D99ED2A9FA9D60072E2FD /* HomeView.swift */; };
		5F6D99F02A9FA9F70072E2FD /* DetailView.swift in Sources */ = {isa = PBXBuildFile; fileRef = 5F6D99EF2A9FA9F70072E2FD /* DetailView.swift */; };
		5F6D99F22A9FAA210072E2FD /* SetupHeaderView.swift in Sources */ = {isa = PBXBuildFile; fileRef = 5F6D99F12A9FAA210072E2FD /* SetupHeaderView.swift */; };
		5F6D99F42A9FAA370072E2FD /* LogoutView.swift in Sources */ = {isa = PBXBuildFile; fileRef = 5F6D99F32A9FAA370072E2FD /* LogoutView.swift */; };
		5F8200BC2A8D3FEF0068345B /* AchieveFirstCell.swift in Sources */ = {isa = PBXBuildFile; fileRef = 5F8200BB2A8D3FEF0068345B /* AchieveFirstCell.swift */; };
		5F8200BE2A8D5B380068345B /* AchieveSecondView.swift in Sources */ = {isa = PBXBuildFile; fileRef = 5F8200BD2A8D5B380068345B /* AchieveSecondView.swift */; };
		5F8200C02A8D5CBB0068345B /* AchieveFirstView.swift in Sources */ = {isa = PBXBuildFile; fileRef = 5F8200BF2A8D5CBB0068345B /* AchieveFirstView.swift */; };
		5F82C9252A852CDC00AAB0FA /* AchieveSecondCell.swift in Sources */ = {isa = PBXBuildFile; fileRef = 5F82C9242A852CDC00AAB0FA /* AchieveSecondCell.swift */; };
		5FA855712A8FDB750020F8C4 /* SetupTableView.swift in Sources */ = {isa = PBXBuildFile; fileRef = 5FA855702A8FDB750020F8C4 /* SetupTableView.swift */; };
		5FA855732A8FE7AC0020F8C4 /* ShopCollectionView.swift in Sources */ = {isa = PBXBuildFile; fileRef = 5FA855722A8FE7AC0020F8C4 /* ShopCollectionView.swift */; };
		5FA855752A8FE8000020F8C4 /* ShopCollectionCell.swift in Sources */ = {isa = PBXBuildFile; fileRef = 5FA855742A8FE8000020F8C4 /* ShopCollectionCell.swift */; };
		5FCDDA402A8FAABE0040D126 /* DiaryTableView.swift in Sources */ = {isa = PBXBuildFile; fileRef = 5FCDDA3F2A8FAABE0040D126 /* DiaryTableView.swift */; };
		5FEB58E72A937B5100F62205 /* GoogleService-Info.plist in Resources */ = {isa = PBXBuildFile; fileRef = 5FEB58E62A937B5100F62205 /* GoogleService-Info.plist */; };
		5FEB58EB2A937CC300F62205 /* FirebaseAuth in Frameworks */ = {isa = PBXBuildFile; productRef = 5FEB58EA2A937CC300F62205 /* FirebaseAuth */; };
		5FEB58ED2A937CC300F62205 /* FirebaseDatabase in Frameworks */ = {isa = PBXBuildFile; productRef = 5FEB58EC2A937CC300F62205 /* FirebaseDatabase */; };
		5FEB58EF2A937CC300F62205 /* FirebaseStorage in Frameworks */ = {isa = PBXBuildFile; productRef = 5FEB58EE2A937CC300F62205 /* FirebaseStorage */; };
		5FEB58F12A9388DB00F62205 /* User.swift in Sources */ = {isa = PBXBuildFile; fileRef = 5FEB58F02A9388DB00F62205 /* User.swift */; };
		5FEB58F32A938E3900F62205 /* Diary.swift in Sources */ = {isa = PBXBuildFile; fileRef = 5FEB58F22A938E3900F62205 /* Diary.swift */; };
		5FEB58F62A93A7B600F62205 /* LoginVC.swift in Sources */ = {isa = PBXBuildFile; fileRef = 5FEB58F52A93A7B600F62205 /* LoginVC.swift */; };
		5FEB58F82A93A7D000F62205 /* SignUpVC.swift in Sources */ = {isa = PBXBuildFile; fileRef = 5FEB58F72A93A7D000F62205 /* SignUpVC.swift */; };
		5FEB58FC2A9400EA00F62205 /* Service.swift in Sources */ = {isa = PBXBuildFile; fileRef = 5FEB58FB2A9400EA00F62205 /* Service.swift */; };
		5FFB1C4B2A9A7AF00044CDAE /* LaunchScreen.swift in Sources */ = {isa = PBXBuildFile; fileRef = 5FFB1C4A2A9A7AF00044CDAE /* LaunchScreen.swift */; };
/* End PBXBuildFile section */

/* Begin PBXFileReference section */
		5F0BE8172A8664D40090AC1F /* SetupTableViewCell.swift */ = {isa = PBXFileReference; lastKnownFileType = sourcecode.swift; path = SetupTableViewCell.swift; sourceTree = "<group>"; };
		5F0CA46B2A9FE89F00177570 /* MyFontColor.swift */ = {isa = PBXFileReference; lastKnownFileType = sourcecode.swift; path = MyFontColor.swift; sourceTree = "<group>"; };
		5F15D1AB2A812768005A00E1 /* ConstellationOfMemories.app */ = {isa = PBXFileReference; explicitFileType = wrapper.application; includeInIndex = 0; path = ConstellationOfMemories.app; sourceTree = BUILT_PRODUCTS_DIR; };
		5F15D1AE2A812768005A00E1 /* AppDelegate.swift */ = {isa = PBXFileReference; lastKnownFileType = sourcecode.swift; path = AppDelegate.swift; sourceTree = "<group>"; };
		5F15D1B02A812768005A00E1 /* SceneDelegate.swift */ = {isa = PBXFileReference; lastKnownFileType = sourcecode.swift; path = SceneDelegate.swift; sourceTree = "<group>"; };
		5F15D1BA2A812769005A00E1 /* Assets.xcassets */ = {isa = PBXFileReference; lastKnownFileType = folder.assetcatalog; path = Assets.xcassets; sourceTree = "<group>"; };
		5F15D1BD2A812769005A00E1 /* Base */ = {isa = PBXFileReference; lastKnownFileType = file.storyboard; name = Base; path = Base.lproj/LaunchScreen.storyboard; sourceTree = "<group>"; };
		5F15D1BF2A812769005A00E1 /* Info.plist */ = {isa = PBXFileReference; lastKnownFileType = text.plist.xml; path = Info.plist; sourceTree = "<group>"; };
		5F15D1C92A81330D005A00E1 /* MainVC.swift */ = {isa = PBXFileReference; lastKnownFileType = sourcecode.swift; path = MainVC.swift; sourceTree = "<group>"; };
		5F15D1CB2A8136B3005A00E1 /* Extension.swift */ = {isa = PBXFileReference; lastKnownFileType = sourcecode.swift; path = Extension.swift; sourceTree = "<group>"; };
		5F15D1CD2A813746005A00E1 /* Enum.swift */ = {isa = PBXFileReference; lastKnownFileType = sourcecode.swift; path = Enum.swift; sourceTree = "<group>"; };
		5F15D1CF2A813905005A00E1 /* StringConstants.swift */ = {isa = PBXFileReference; lastKnownFileType = sourcecode.swift; path = StringConstants.swift; sourceTree = "<group>"; };
		5F15D1D12A81390F005A00E1 /* DBString.swift */ = {isa = PBXFileReference; lastKnownFileType = sourcecode.swift; path = DBString.swift; sourceTree = "<group>"; };
		5F15D1D32A813917005A00E1 /* Protocols.swift */ = {isa = PBXFileReference; lastKnownFileType = sourcecode.swift; path = Protocols.swift; sourceTree = "<group>"; };
		5F15D1DE2A815C0E005A00E1 /* DiaryVC.swift */ = {isa = PBXFileReference; lastKnownFileType = sourcecode.swift; path = DiaryVC.swift; sourceTree = "<group>"; };
		5F15D1E02A815C75005A00E1 /* DiaryTableViewCell.swift */ = {isa = PBXFileReference; lastKnownFileType = sourcecode.swift; path = DiaryTableViewCell.swift; sourceTree = "<group>"; };
		5F15D1E22A817765005A00E1 /* HeaderView.swift */ = {isa = PBXFileReference; lastKnownFileType = sourcecode.swift; path = HeaderView.swift; sourceTree = "<group>"; };
		5F2E705C2A9D3A3500D0BFE0 /* HomeFirstView.swift */ = {isa = PBXFileReference; lastKnownFileType = sourcecode.swift; path = HomeFirstView.swift; sourceTree = "<group>"; };
		5F2E705E2A9D3B0200D0BFE0 /* HomeFirstCell.swift */ = {isa = PBXFileReference; lastKnownFileType = sourcecode.swift; path = HomeFirstCell.swift; sourceTree = "<group>"; };
		5F2E70602A9D3B6300D0BFE0 /* HomeSecondView.swift */ = {isa = PBXFileReference; lastKnownFileType = sourcecode.swift; path = HomeSecondView.swift; sourceTree = "<group>"; };
		5F2E70622A9D3C0300D0BFE0 /* HomeSecondCell.swift */ = {isa = PBXFileReference; lastKnownFileType = sourcecode.swift; path = HomeSecondCell.swift; sourceTree = "<group>"; };
		5F396BC02A9E45DC0095D3F8 /* BackgroundImg.swift */ = {isa = PBXFileReference; lastKnownFileType = sourcecode.swift; path = BackgroundImg.swift; sourceTree = "<group>"; };
		5F6D99E92A9FA9250072E2FD /* MenuView.swift */ = {isa = PBXFileReference; lastKnownFileType = sourcecode.swift; path = MenuView.swift; sourceTree = "<group>"; };
		5F6D99EB2A9FA99E0072E2FD /* AchieveView.swift */ = {isa = PBXFileReference; lastKnownFileType = sourcecode.swift; path = AchieveView.swift; sourceTree = "<group>"; };
		5F6D99ED2A9FA9D60072E2FD /* HomeView.swift */ = {isa = PBXFileReference; lastKnownFileType = sourcecode.swift; path = HomeView.swift; sourceTree = "<group>"; };
		5F6D99EF2A9FA9F70072E2FD /* DetailView.swift */ = {isa = PBXFileReference; lastKnownFileType = sourcecode.swift; path = DetailView.swift; sourceTree = "<group>"; };
		5F6D99F12A9FAA210072E2FD /* SetupHeaderView.swift */ = {isa = PBXFileReference; lastKnownFileType = sourcecode.swift; path = SetupHeaderView.swift; sourceTree = "<group>"; };
		5F6D99F32A9FAA370072E2FD /* LogoutView.swift */ = {isa = PBXFileReference; lastKnownFileType = sourcecode.swift; path = LogoutView.swift; sourceTree = "<group>"; };
		5F8200BB2A8D3FEF0068345B /* AchieveFirstCell.swift */ = {isa = PBXFileReference; lastKnownFileType = sourcecode.swift; path = AchieveFirstCell.swift; sourceTree = "<group>"; };
		5F8200BD2A8D5B380068345B /* AchieveSecondView.swift */ = {isa = PBXFileReference; lastKnownFileType = sourcecode.swift; path = AchieveSecondView.swift; sourceTree = "<group>"; };
		5F8200BF2A8D5CBB0068345B /* AchieveFirstView.swift */ = {isa = PBXFileReference; lastKnownFileType = sourcecode.swift; path = AchieveFirstView.swift; sourceTree = "<group>"; };
		5F82C9242A852CDC00AAB0FA /* AchieveSecondCell.swift */ = {isa = PBXFileReference; lastKnownFileType = sourcecode.swift; path = AchieveSecondCell.swift; sourceTree = "<group>"; };
		5FA855702A8FDB750020F8C4 /* SetupTableView.swift */ = {isa = PBXFileReference; lastKnownFileType = sourcecode.swift; path = SetupTableView.swift; sourceTree = "<group>"; };
		5FA855722A8FE7AC0020F8C4 /* ShopCollectionView.swift */ = {isa = PBXFileReference; lastKnownFileType = sourcecode.swift; path = ShopCollectionView.swift; sourceTree = "<group>"; };
		5FA855742A8FE8000020F8C4 /* ShopCollectionCell.swift */ = {isa = PBXFileReference; lastKnownFileType = sourcecode.swift; path = ShopCollectionCell.swift; sourceTree = "<group>"; };
		5FCDDA3F2A8FAABE0040D126 /* DiaryTableView.swift */ = {isa = PBXFileReference; lastKnownFileType = sourcecode.swift; path = DiaryTableView.swift; sourceTree = "<group>"; };
		5FEB58E62A937B5100F62205 /* GoogleService-Info.plist */ = {isa = PBXFileReference; fileEncoding = 4; lastKnownFileType = text.plist.xml; path = "GoogleService-Info.plist"; sourceTree = "<group>"; };
		5FEB58F02A9388DB00F62205 /* User.swift */ = {isa = PBXFileReference; lastKnownFileType = sourcecode.swift; path = User.swift; sourceTree = "<group>"; };
		5FEB58F22A938E3900F62205 /* Diary.swift */ = {isa = PBXFileReference; lastKnownFileType = sourcecode.swift; path = Diary.swift; sourceTree = "<group>"; };
		5FEB58F52A93A7B600F62205 /* LoginVC.swift */ = {isa = PBXFileReference; lastKnownFileType = sourcecode.swift; path = LoginVC.swift; sourceTree = "<group>"; };
		5FEB58F72A93A7D000F62205 /* SignUpVC.swift */ = {isa = PBXFileReference; lastKnownFileType = sourcecode.swift; path = SignUpVC.swift; sourceTree = "<group>"; };
		5FEB58FB2A9400EA00F62205 /* Service.swift */ = {isa = PBXFileReference; lastKnownFileType = sourcecode.swift; path = Service.swift; sourceTree = "<group>"; };
		5FFB1C4A2A9A7AF00044CDAE /* LaunchScreen.swift */ = {isa = PBXFileReference; lastKnownFileType = sourcecode.swift; path = LaunchScreen.swift; sourceTree = "<group>"; };
/* End PBXFileReference section */

/* Begin PBXFrameworksBuildPhase section */
		5F15D1A82A812768005A00E1 /* Frameworks */ = {
			isa = PBXFrameworksBuildPhase;
			buildActionMask = 2147483647;
			files = (
				5FEB58ED2A937CC300F62205 /* FirebaseDatabase in Frameworks */,
				5FEB58EB2A937CC300F62205 /* FirebaseAuth in Frameworks */,
				5FEB58EF2A937CC300F62205 /* FirebaseStorage in Frameworks */,
			);
			runOnlyForDeploymentPostprocessing = 0;
		};
/* End PBXFrameworksBuildPhase section */

/* Begin PBXGroup section */
		5F0BE8152A8664AF0090AC1F /* UIView */ = {
			isa = PBXGroup;
			children = (
				5F15D1C92A81330D005A00E1 /* MainVC.swift */,
				5FFB1C4A2A9A7AF00044CDAE /* LaunchScreen.swift */,
				5F15D1E22A817765005A00E1 /* HeaderView.swift */,
				5F15D1DE2A815C0E005A00E1 /* DiaryVC.swift */,
			);
			path = UIView;
			sourceTree = "<group>";
		};
		5F0BE8162A8664B80090AC1F /* TableView */ = {
			isa = PBXGroup;
			children = (
				5F0BE8172A8664D40090AC1F /* SetupTableViewCell.swift */,
				5F15D1E02A815C75005A00E1 /* DiaryTableViewCell.swift */,
			);
			path = TableView;
			sourceTree = "<group>";
		};
		5F15D1A22A812768005A00E1 = {
			isa = PBXGroup;
			children = (
				5F15D1AD2A812768005A00E1 /* ConstellationOfMemories */,
				5F15D1AC2A812768005A00E1 /* Products */,
			);
			sourceTree = "<group>";
		};
		5F15D1AC2A812768005A00E1 /* Products */ = {
			isa = PBXGroup;
			children = (
				5F15D1AB2A812768005A00E1 /* ConstellationOfMemories.app */,
			);
			name = Products;
			sourceTree = "<group>";
		};
		5F15D1AD2A812768005A00E1 /* ConstellationOfMemories */ = {
			isa = PBXGroup;
			children = (
				5F15D1AE2A812768005A00E1 /* AppDelegate.swift */,
				5F15D1B02A812768005A00E1 /* SceneDelegate.swift */,
				5FEB58E82A937BEA00F62205 /* Resources */,
				5F15D1C82A812796005A00E1 /* Utils */,
				5F15D1C72A812790005A00E1 /* Models */,
				5F15D1C62A812789005A00E1 /* Controllers */,
				5F15D1C52A812783005A00E1 /* Views */,
				5F15D1BA2A812769005A00E1 /* Assets.xcassets */,
				5F15D1BC2A812769005A00E1 /* LaunchScreen.storyboard */,
				5F15D1BF2A812769005A00E1 /* Info.plist */,
			);
			path = ConstellationOfMemories;
			sourceTree = "<group>";
		};
		5F15D1C52A812783005A00E1 /* Views */ = {
			isa = PBXGroup;
			children = (
				5F0BE8162A8664B80090AC1F /* TableView */,
				5F917AC52A8B8E2E00F8FC53 /* CollectionCell */,
			);
			path = Views;
			sourceTree = "<group>";
		};
		5F15D1C62A812789005A00E1 /* Controllers */ = {
			isa = PBXGroup;
			children = (
				5FEB58F42A93A79700F62205 /* Authentication */,
				5F0BE8152A8664AF0090AC1F /* UIView */,
				5F6D99E82A9FA9120072E2FD /* Menu */,
				5FCDDA3E2A8FAAAB0040D126 /* TableView */,
				5F726B932A8E9AA50039A20F /* CollectionView */,
			);
			path = Controllers;
			sourceTree = "<group>";
		};
		5F15D1C72A812790005A00E1 /* Models */ = {
			isa = PBXGroup;
			children = (
				5FEB58F02A9388DB00F62205 /* User.swift */,
				5FEB58F22A938E3900F62205 /* Diary.swift */,
				5F396BC02A9E45DC0095D3F8 /* BackgroundImg.swift */,
				5F0CA46B2A9FE89F00177570 /* MyFontColor.swift */,
			);
			path = Models;
			sourceTree = "<group>";
		};
		5F15D1C82A812796005A00E1 /* Utils */ = {
			isa = PBXGroup;
			children = (
				5F15D1CB2A8136B3005A00E1 /* Extension.swift */,
				5F15D1D32A813917005A00E1 /* Protocols.swift */,
				5F15D1CD2A813746005A00E1 /* Enum.swift */,
				5F15D1CF2A813905005A00E1 /* StringConstants.swift */,
				5F15D1D12A81390F005A00E1 /* DBString.swift */,
				5FEB58FB2A9400EA00F62205 /* Service.swift */,
			);
			path = Utils;
			sourceTree = "<group>";
		};
		5F6D99E82A9FA9120072E2FD /* Menu */ = {
			isa = PBXGroup;
			children = (
				5F6D99E92A9FA9250072E2FD /* MenuView.swift */,
				5F6D99EB2A9FA99E0072E2FD /* AchieveView.swift */,
				5F6D99ED2A9FA9D60072E2FD /* HomeView.swift */,
				5F6D99EF2A9FA9F70072E2FD /* DetailView.swift */,
				5F6D99F12A9FAA210072E2FD /* SetupHeaderView.swift */,
				5F6D99F32A9FAA370072E2FD /* LogoutView.swift */,
			);
			name = Menu;
			path = Main/Menu;
			sourceTree = "<group>";
		};
		5F726B932A8E9AA50039A20F /* CollectionView */ = {
			isa = PBXGroup;
			children = (
				5F8200BF2A8D5CBB0068345B /* AchieveFirstView.swift */,
				5F8200BD2A8D5B380068345B /* AchieveSecondView.swift */,
				5F2E705C2A9D3A3500D0BFE0 /* HomeFirstView.swift */,
				5F2E70602A9D3B6300D0BFE0 /* HomeSecondView.swift */,
				5FA855722A8FE7AC0020F8C4 /* ShopCollectionView.swift */,
			);
			path = CollectionView;
			sourceTree = "<group>";
		};
		5F917AC52A8B8E2E00F8FC53 /* CollectionCell */ = {
			isa = PBXGroup;
			children = (
				5F8200BB2A8D3FEF0068345B /* AchieveFirstCell.swift */,
				5F82C9242A852CDC00AAB0FA /* AchieveSecondCell.swift */,
				5F2E705E2A9D3B0200D0BFE0 /* HomeFirstCell.swift */,
				5F2E70622A9D3C0300D0BFE0 /* HomeSecondCell.swift */,
				5FA855742A8FE8000020F8C4 /* ShopCollectionCell.swift */,
			);
			path = CollectionCell;
			sourceTree = "<group>";
		};
		5FCDDA3E2A8FAAAB0040D126 /* TableView */ = {
			isa = PBXGroup;
			children = (
				5FCDDA3F2A8FAABE0040D126 /* DiaryTableView.swift */,
				5FA855702A8FDB750020F8C4 /* SetupTableView.swift */,
			);
			path = TableView;
			sourceTree = "<group>";
		};
		5FEB58E82A937BEA00F62205 /* Resources */ = {
			isa = PBXGroup;
			children = (
				5FEB58E62A937B5100F62205 /* GoogleService-Info.plist */,
			);
			path = Resources;
			sourceTree = "<group>";
		};
		5FEB58F42A93A79700F62205 /* Authentication */ = {
			isa = PBXGroup;
			children = (
				5FEB58F52A93A7B600F62205 /* LoginVC.swift */,
				5FEB58F72A93A7D000F62205 /* SignUpVC.swift */,
			);
			path = Authentication;
			sourceTree = "<group>";
		};
/* End PBXGroup section */

/* Begin PBXNativeTarget section */
		5F15D1AA2A812768005A00E1 /* ConstellationOfMemories */ = {
			isa = PBXNativeTarget;
			buildConfigurationList = 5F15D1C22A812769005A00E1 /* Build configuration list for PBXNativeTarget "ConstellationOfMemories" */;
			buildPhases = (
				5F15D1A72A812768005A00E1 /* Sources */,
				5F15D1A82A812768005A00E1 /* Frameworks */,
				5F15D1A92A812768005A00E1 /* Resources */,
			);
			buildRules = (
			);
			dependencies = (
			);
			name = ConstellationOfMemories;
			packageProductDependencies = (
				5FEB58EA2A937CC300F62205 /* FirebaseAuth */,
				5FEB58EC2A937CC300F62205 /* FirebaseDatabase */,
				5FEB58EE2A937CC300F62205 /* FirebaseStorage */,
			);
			productName = ConstellationOfMemories;
			productReference = 5F15D1AB2A812768005A00E1 /* ConstellationOfMemories.app */;
			productType = "com.apple.product-type.application";
		};
/* End PBXNativeTarget section */

/* Begin PBXProject section */
		5F15D1A32A812768005A00E1 /* Project object */ = {
			isa = PBXProject;
			attributes = {
				BuildIndependentTargetsInParallel = 1;
				LastSwiftUpdateCheck = 1430;
				LastUpgradeCheck = 1430;
				TargetAttributes = {
					5F15D1AA2A812768005A00E1 = {
						CreatedOnToolsVersion = 14.3;
					};
				};
			};
			buildConfigurationList = 5F15D1A62A812768005A00E1 /* Build configuration list for PBXProject "ConstellationOfMemories" */;
			compatibilityVersion = "Xcode 14.0";
			developmentRegion = en;
			hasScannedForEncodings = 0;
			knownRegions = (
				en,
				Base,
			);
			mainGroup = 5F15D1A22A812768005A00E1;
			packageReferences = (
				5FEB58E92A937CC200F62205 /* XCRemoteSwiftPackageReference "firebase-ios-sdk" */,
			);
			productRefGroup = 5F15D1AC2A812768005A00E1 /* Products */;
			projectDirPath = "";
			projectRoot = "";
			targets = (
				5F15D1AA2A812768005A00E1 /* ConstellationOfMemories */,
			);
		};
/* End PBXProject section */

/* Begin PBXResourcesBuildPhase section */
		5F15D1A92A812768005A00E1 /* Resources */ = {
			isa = PBXResourcesBuildPhase;
			buildActionMask = 2147483647;
			files = (
				5FEB58E72A937B5100F62205 /* GoogleService-Info.plist in Resources */,
				5F15D1BE2A812769005A00E1 /* LaunchScreen.storyboard in Resources */,
				5F15D1BB2A812769005A00E1 /* Assets.xcassets in Resources */,
			);
			runOnlyForDeploymentPostprocessing = 0;
		};
/* End PBXResourcesBuildPhase section */

/* Begin PBXSourcesBuildPhase section */
		5F15D1A72A812768005A00E1 /* Sources */ = {
			isa = PBXSourcesBuildPhase;
			buildActionMask = 2147483647;
			files = (
				5F2E705D2A9D3A3500D0BFE0 /* HomeFirstView.swift in Sources */,
				5F8200BC2A8D3FEF0068345B /* AchieveFirstCell.swift in Sources */,
				5FCDDA402A8FAABE0040D126 /* DiaryTableView.swift in Sources */,
				5F6D99EA2A9FA9250072E2FD /* MenuView.swift in Sources */,
				5F15D1AF2A812768005A00E1 /* AppDelegate.swift in Sources */,
				5F8200BE2A8D5B380068345B /* AchieveSecondView.swift in Sources */,
				5F6D99F42A9FAA370072E2FD /* LogoutView.swift in Sources */,
				5F6D99F02A9FA9F70072E2FD /* DetailView.swift in Sources */,
				5FA855752A8FE8000020F8C4 /* ShopCollectionCell.swift in Sources */,
				5F15D1E32A817765005A00E1 /* HeaderView.swift in Sources */,
				5F15D1CC2A8136B3005A00E1 /* Extension.swift in Sources */,
				5F15D1DF2A815C0E005A00E1 /* DiaryVC.swift in Sources */,
				5F6D99EE2A9FA9D60072E2FD /* HomeView.swift in Sources */,
				5F396BC12A9E45DD0095D3F8 /* BackgroundImg.swift in Sources */,
				5F15D1D22A81390F005A00E1 /* DBString.swift in Sources */,
				5FEB58F62A93A7B600F62205 /* LoginVC.swift in Sources */,
				5F15D1D42A813917005A00E1 /* Protocols.swift in Sources */,
				5F8200C02A8D5CBB0068345B /* AchieveFirstView.swift in Sources */,
				5FFB1C4B2A9A7AF00044CDAE /* LaunchScreen.swift in Sources */,
				5F15D1D02A813905005A00E1 /* StringConstants.swift in Sources */,
				5FEB58F82A93A7D000F62205 /* SignUpVC.swift in Sources */,
				5F2E70612A9D3B6300D0BFE0 /* HomeSecondView.swift in Sources */,
				5F0BE8182A8664D40090AC1F /* SetupTableViewCell.swift in Sources */,
				5F82C9252A852CDC00AAB0FA /* AchieveSecondCell.swift in Sources */,
				5FEB58F12A9388DB00F62205 /* User.swift in Sources */,
				5FA855712A8FDB750020F8C4 /* SetupTableView.swift in Sources */,
				5F15D1CE2A813746005A00E1 /* Enum.swift in Sources */,
				5FEB58FC2A9400EA00F62205 /* Service.swift in Sources */,
				5FEB58F32A938E3900F62205 /* Diary.swift in Sources */,
				5F15D1CA2A81330D005A00E1 /* MainVC.swift in Sources */,
				5F6D99F22A9FAA210072E2FD /* SetupHeaderView.swift in Sources */,
				5F15D1B12A812768005A00E1 /* SceneDelegate.swift in Sources */,
				5F2E705F2A9D3B0200D0BFE0 /* HomeFirstCell.swift in Sources */,
				5F6D99EC2A9FA99E0072E2FD /* AchieveView.swift in Sources */,
				5F0CA46C2A9FE89F00177570 /* MyFontColor.swift in Sources */,
				5FA855732A8FE7AC0020F8C4 /* ShopCollectionView.swift in Sources */,
				5F15D1E12A815C75005A00E1 /* DiaryTableViewCell.swift in Sources */,
				5F2E70632A9D3C0300D0BFE0 /* HomeSecondCell.swift in Sources */,
			);
			runOnlyForDeploymentPostprocessing = 0;
		};
/* End PBXSourcesBuildPhase section */

/* Begin PBXVariantGroup section */
		5F15D1BC2A812769005A00E1 /* LaunchScreen.storyboard */ = {
			isa = PBXVariantGroup;
			children = (
				5F15D1BD2A812769005A00E1 /* Base */,
			);
			name = LaunchScreen.storyboard;
			sourceTree = "<group>";
		};
/* End PBXVariantGroup section */

/* Begin XCBuildConfiguration section */
		5F15D1C02A812769005A00E1 /* Debug */ = {
			isa = XCBuildConfiguration;
			buildSettings = {
				ALWAYS_SEARCH_USER_PATHS = NO;
				CLANG_ANALYZER_NONNULL = YES;
				CLANG_ANALYZER_NUMBER_OBJECT_CONVERSION = YES_AGGRESSIVE;
				CLANG_CXX_LANGUAGE_STANDARD = "gnu++20";
				CLANG_ENABLE_MODULES = YES;
				CLANG_ENABLE_OBJC_ARC = YES;
				CLANG_ENABLE_OBJC_WEAK = YES;
				CLANG_WARN_BLOCK_CAPTURE_AUTORELEASING = YES;
				CLANG_WARN_BOOL_CONVERSION = YES;
				CLANG_WARN_COMMA = YES;
				CLANG_WARN_CONSTANT_CONVERSION = YES;
				CLANG_WARN_DEPRECATED_OBJC_IMPLEMENTATIONS = YES;
				CLANG_WARN_DIRECT_OBJC_ISA_USAGE = YES_ERROR;
				CLANG_WARN_DOCUMENTATION_COMMENTS = YES;
				CLANG_WARN_EMPTY_BODY = YES;
				CLANG_WARN_ENUM_CONVERSION = YES;
				CLANG_WARN_INFINITE_RECURSION = YES;
				CLANG_WARN_INT_CONVERSION = YES;
				CLANG_WARN_NON_LITERAL_NULL_CONVERSION = YES;
				CLANG_WARN_OBJC_IMPLICIT_RETAIN_SELF = YES;
				CLANG_WARN_OBJC_LITERAL_CONVERSION = YES;
				CLANG_WARN_OBJC_ROOT_CLASS = YES_ERROR;
				CLANG_WARN_QUOTED_INCLUDE_IN_FRAMEWORK_HEADER = YES;
				CLANG_WARN_RANGE_LOOP_ANALYSIS = YES;
				CLANG_WARN_STRICT_PROTOTYPES = YES;
				CLANG_WARN_SUSPICIOUS_MOVE = YES;
				CLANG_WARN_UNGUARDED_AVAILABILITY = YES_AGGRESSIVE;
				CLANG_WARN_UNREACHABLE_CODE = YES;
				CLANG_WARN__DUPLICATE_METHOD_MATCH = YES;
				COPY_PHASE_STRIP = NO;
				DEBUG_INFORMATION_FORMAT = dwarf;
				ENABLE_STRICT_OBJC_MSGSEND = YES;
				ENABLE_TESTABILITY = YES;
				GCC_C_LANGUAGE_STANDARD = gnu11;
				GCC_DYNAMIC_NO_PIC = NO;
				GCC_NO_COMMON_BLOCKS = YES;
				GCC_OPTIMIZATION_LEVEL = 0;
				GCC_PREPROCESSOR_DEFINITIONS = (
					"DEBUG=1",
					"$(inherited)",
				);
				GCC_WARN_64_TO_32_BIT_CONVERSION = YES;
				GCC_WARN_ABOUT_RETURN_TYPE = YES_ERROR;
				GCC_WARN_UNDECLARED_SELECTOR = YES;
				GCC_WARN_UNINITIALIZED_AUTOS = YES_AGGRESSIVE;
				GCC_WARN_UNUSED_FUNCTION = YES;
				GCC_WARN_UNUSED_VARIABLE = YES;
				IPHONEOS_DEPLOYMENT_TARGET = 16.4;
				MTL_ENABLE_DEBUG_INFO = INCLUDE_SOURCE;
				MTL_FAST_MATH = YES;
				ONLY_ACTIVE_ARCH = YES;
				SDKROOT = iphoneos;
				SWIFT_ACTIVE_COMPILATION_CONDITIONS = DEBUG;
				SWIFT_OPTIMIZATION_LEVEL = "-Onone";
			};
			name = Debug;
		};
		5F15D1C12A812769005A00E1 /* Release */ = {
			isa = XCBuildConfiguration;
			buildSettings = {
				ALWAYS_SEARCH_USER_PATHS = NO;
				CLANG_ANALYZER_NONNULL = YES;
				CLANG_ANALYZER_NUMBER_OBJECT_CONVERSION = YES_AGGRESSIVE;
				CLANG_CXX_LANGUAGE_STANDARD = "gnu++20";
				CLANG_ENABLE_MODULES = YES;
				CLANG_ENABLE_OBJC_ARC = YES;
				CLANG_ENABLE_OBJC_WEAK = YES;
				CLANG_WARN_BLOCK_CAPTURE_AUTORELEASING = YES;
				CLANG_WARN_BOOL_CONVERSION = YES;
				CLANG_WARN_COMMA = YES;
				CLANG_WARN_CONSTANT_CONVERSION = YES;
				CLANG_WARN_DEPRECATED_OBJC_IMPLEMENTATIONS = YES;
				CLANG_WARN_DIRECT_OBJC_ISA_USAGE = YES_ERROR;
				CLANG_WARN_DOCUMENTATION_COMMENTS = YES;
				CLANG_WARN_EMPTY_BODY = YES;
				CLANG_WARN_ENUM_CONVERSION = YES;
				CLANG_WARN_INFINITE_RECURSION = YES;
				CLANG_WARN_INT_CONVERSION = YES;
				CLANG_WARN_NON_LITERAL_NULL_CONVERSION = YES;
				CLANG_WARN_OBJC_IMPLICIT_RETAIN_SELF = YES;
				CLANG_WARN_OBJC_LITERAL_CONVERSION = YES;
				CLANG_WARN_OBJC_ROOT_CLASS = YES_ERROR;
				CLANG_WARN_QUOTED_INCLUDE_IN_FRAMEWORK_HEADER = YES;
				CLANG_WARN_RANGE_LOOP_ANALYSIS = YES;
				CLANG_WARN_STRICT_PROTOTYPES = YES;
				CLANG_WARN_SUSPICIOUS_MOVE = YES;
				CLANG_WARN_UNGUARDED_AVAILABILITY = YES_AGGRESSIVE;
				CLANG_WARN_UNREACHABLE_CODE = YES;
				CLANG_WARN__DUPLICATE_METHOD_MATCH = YES;
				COPY_PHASE_STRIP = NO;
				DEBUG_INFORMATION_FORMAT = "dwarf-with-dsym";
				ENABLE_NS_ASSERTIONS = NO;
				ENABLE_STRICT_OBJC_MSGSEND = YES;
				GCC_C_LANGUAGE_STANDARD = gnu11;
				GCC_NO_COMMON_BLOCKS = YES;
				GCC_WARN_64_TO_32_BIT_CONVERSION = YES;
				GCC_WARN_ABOUT_RETURN_TYPE = YES_ERROR;
				GCC_WARN_UNDECLARED_SELECTOR = YES;
				GCC_WARN_UNINITIALIZED_AUTOS = YES_AGGRESSIVE;
				GCC_WARN_UNUSED_FUNCTION = YES;
				GCC_WARN_UNUSED_VARIABLE = YES;
				IPHONEOS_DEPLOYMENT_TARGET = 16.4;
				MTL_ENABLE_DEBUG_INFO = NO;
				MTL_FAST_MATH = YES;
				SDKROOT = iphoneos;
				SWIFT_COMPILATION_MODE = wholemodule;
				SWIFT_OPTIMIZATION_LEVEL = "-O";
				VALIDATE_PRODUCT = YES;
			};
			name = Release;
		};
		5F15D1C32A812769005A00E1 /* Debug */ = {
			isa = XCBuildConfiguration;
			buildSettings = {
				ASSETCATALOG_COMPILER_APPICON_NAME = AppIcon;
				ASSETCATALOG_COMPILER_GLOBAL_ACCENT_COLOR_NAME = AccentColor;
				CODE_SIGN_STYLE = Automatic;
				CURRENT_PROJECT_VERSION = 1;
				GENERATE_INFOPLIST_FILE = YES;
				INFOPLIST_FILE = ConstellationOfMemories/Info.plist;
				INFOPLIST_KEY_UIApplicationSupportsIndirectInputEvents = YES;
				INFOPLIST_KEY_UILaunchStoryboardName = "";
				INFOPLIST_KEY_UISupportedInterfaceOrientations_iPad = "UIInterfaceOrientationPortrait UIInterfaceOrientationPortraitUpsideDown UIInterfaceOrientationLandscapeLeft UIInterfaceOrientationLandscapeRight";
				INFOPLIST_KEY_UISupportedInterfaceOrientations_iPhone = "UIInterfaceOrientationPortrait UIInterfaceOrientationLandscapeLeft UIInterfaceOrientationLandscapeRight";
				LD_RUNPATH_SEARCH_PATHS = (
					"$(inherited)",
					"@executable_path/Frameworks",
				);
				MARKETING_VERSION = 1.0;
				PRODUCT_BUNDLE_IDENTIFIER = ges.ConstellationOfMemories;
				PRODUCT_NAME = "$(TARGET_NAME)";
				SWIFT_EMIT_LOC_STRINGS = YES;
				SWIFT_VERSION = 5.0;
				TARGETED_DEVICE_FAMILY = "1,2";
			};
			name = Debug;
		};
		5F15D1C42A812769005A00E1 /* Release */ = {
			isa = XCBuildConfiguration;
			buildSettings = {
				ASSETCATALOG_COMPILER_APPICON_NAME = AppIcon;
				ASSETCATALOG_COMPILER_GLOBAL_ACCENT_COLOR_NAME = AccentColor;
				CODE_SIGN_STYLE = Automatic;
				CURRENT_PROJECT_VERSION = 1;
				GENERATE_INFOPLIST_FILE = YES;
				INFOPLIST_FILE = ConstellationOfMemories/Info.plist;
				INFOPLIST_KEY_UIApplicationSupportsIndirectInputEvents = YES;
				INFOPLIST_KEY_UILaunchStoryboardName = "";
				INFOPLIST_KEY_UISupportedInterfaceOrientations_iPad = "UIInterfaceOrientationPortrait UIInterfaceOrientationPortraitUpsideDown UIInterfaceOrientationLandscapeLeft UIInterfaceOrientationLandscapeRight";
				INFOPLIST_KEY_UISupportedInterfaceOrientations_iPhone = "UIInterfaceOrientationPortrait UIInterfaceOrientationLandscapeLeft UIInterfaceOrientationLandscapeRight";
				LD_RUNPATH_SEARCH_PATHS = (
					"$(inherited)",
					"@executable_path/Frameworks",
				);
				MARKETING_VERSION = 1.0;
				PRODUCT_BUNDLE_IDENTIFIER = ges.ConstellationOfMemories;
				PRODUCT_NAME = "$(TARGET_NAME)";
				SWIFT_EMIT_LOC_STRINGS = YES;
				SWIFT_VERSION = 5.0;
				TARGETED_DEVICE_FAMILY = "1,2";
			};
			name = Release;
		};
/* End XCBuildConfiguration section */

/* Begin XCConfigurationList section */
		5F15D1A62A812768005A00E1 /* Build configuration list for PBXProject "ConstellationOfMemories" */ = {
			isa = XCConfigurationList;
			buildConfigurations = (
				5F15D1C02A812769005A00E1 /* Debug */,
				5F15D1C12A812769005A00E1 /* Release */,
			);
			defaultConfigurationIsVisible = 0;
			defaultConfigurationName = Release;
		};
		5F15D1C22A812769005A00E1 /* Build configuration list for PBXNativeTarget "ConstellationOfMemories" */ = {
			isa = XCConfigurationList;
			buildConfigurations = (
				5F15D1C32A812769005A00E1 /* Debug */,
				5F15D1C42A812769005A00E1 /* Release */,
			);
			defaultConfigurationIsVisible = 0;
			defaultConfigurationName = Release;
		};
/* End XCConfigurationList section */

/* Begin XCRemoteSwiftPackageReference section */
		5FEB58E92A937CC200F62205 /* XCRemoteSwiftPackageReference "firebase-ios-sdk" */ = {
			isa = XCRemoteSwiftPackageReference;
			repositoryURL = "https://github.com/firebase/firebase-ios-sdk.git";
			requirement = {
				kind = upToNextMajorVersion;
				minimumVersion = 10.0.0;
			};
		};
/* End XCRemoteSwiftPackageReference section */

/* Begin XCSwiftPackageProductDependency section */
		5FEB58EA2A937CC300F62205 /* FirebaseAuth */ = {
			isa = XCSwiftPackageProductDependency;
			package = 5FEB58E92A937CC200F62205 /* XCRemoteSwiftPackageReference "firebase-ios-sdk" */;
			productName = FirebaseAuth;
		};
		5FEB58EC2A937CC300F62205 /* FirebaseDatabase */ = {
			isa = XCSwiftPackageProductDependency;
			package = 5FEB58E92A937CC200F62205 /* XCRemoteSwiftPackageReference "firebase-ios-sdk" */;
			productName = FirebaseDatabase;
		};
		5FEB58EE2A937CC300F62205 /* FirebaseStorage */ = {
			isa = XCSwiftPackageProductDependency;
			package = 5FEB58E92A937CC200F62205 /* XCRemoteSwiftPackageReference "firebase-ios-sdk" */;
			productName = FirebaseStorage;
		};
/* End XCSwiftPackageProductDependency section */
	};
	rootObject = 5F15D1A32A812768005A00E1 /* Project object */;
}
